
Microsoft Visual Studio Solution File, Format Version 12.00
# Visual Studio Version 17
VisualStudioVersion = 17.1.32228.430
MinimumVisualStudioVersion = 10.0.40219.1
Project("{FAE04EC0-301F-11D3-BF4B-00C04F79EFBC}") = "PLS_Comments_webapi_test", "PLS_Comments_webapi_test\PLS_Comments_webapi_test.csproj", "{A6122632-FC74-47B2-9C25-076F09AC052E}"
EndProject
Global
	GlobalSection(SolutionConfigurationPlatforms) = preSolution
		Debug|Any CPU = Debug|Any CPU
		Release|Any CPU = Release|Any CPU
	EndGlobalSection
	GlobalSection(ProjectConfigurationPlatforms) = postSolution
		{A6122632-FC74-47B2-9C25-076F09AC052E}.Debug|Any CPU.ActiveCfg = Debug|Any CPU
		{A6122632-FC74-47B2-9C25-076F09AC052E}.Debug|Any CPU.Build.0 = Debug|Any CPU
		{A6122632-FC74-47B2-9C25-076F09AC052E}.Release|Any CPU.ActiveCfg = Release|Any CPU
		{A6122632-FC74-47B2-9C25-076F09AC052E}.Release|Any CPU.Build.0 = Release|Any CPU
	EndGlobalSection
	GlobalSection(SolutionProperties) = preSolution
		HideSolutionNode = FALSE
	EndGlobalSection
	GlobalSection(ExtensibilityGlobals) = postSolution
		SolutionGuid = {D9CA7CDF-4F02-4A83-9D5D-CF6F0EC27576}
	EndGlobalSection
EndGlobal
